
Microsoft Visual Studio Solution File, Format Version 12.00
# Visual Studio Version 17
VisualStudioVersion = 17.10.35004.147
MinimumVisualStudioVersion = 10.0.40219.1
Project("{9A19103F-16F7-4668-BE54-9A1E7A4F7556}") = "PatientAppointment.API", "PatientAppointment.API.csproj", "{91130738-14DE-45F5-A640-C369610BA86C}"
EndProject
Project("{9A19103F-16F7-4668-BE54-9A1E7A4F7556}") = "PatientAppointment.Application", "..\PatientAppointment.Application\PatientAppointment.Application.csproj", "{6A451E96-11AD-4DA0-BE5B-5335EE37CD69}"
EndProject
Project("{9A19103F-16F7-4668-BE54-9A1E7A4F7556}") = "PatientAppointment.Domain", "..\PatientAppointment.Domain\PatientAppointment.Domain.csproj", "{F4AF3429-0153-43B2-887E-AA40D7996154}"
EndProject
Project("{9A19103F-16F7-4668-BE54-9A1E7A4F7556}") = "PatientAppointment.Infrastructure", "..\PatientAppointment.Infrastructure\PatientAppointment.Infrastructure.csproj", "{2E79B06A-FDA1-49AD-9E54-51545AF82274}"
EndProject
Global
	GlobalSection(SolutionConfigurationPlatforms) = preSolution
		Debug|Any CPU = Debug|Any CPU
		Release|Any CPU = Release|Any CPU
	EndGlobalSection
	GlobalSection(ProjectConfigurationPlatforms) = postSolution
		{91130738-14DE-45F5-A640-C369610BA86C}.Debug|Any CPU.ActiveCfg = Debug|Any CPU
		{91130738-14DE-45F5-A640-C369610BA86C}.Debug|Any CPU.Build.0 = Debug|Any CPU
		{91130738-14DE-45F5-A640-C369610BA86C}.Release|Any CPU.ActiveCfg = Release|Any CPU
		{91130738-14DE-45F5-A640-C369610BA86C}.Release|Any CPU.Build.0 = Release|Any CPU
		{6A451E96-11AD-4DA0-BE5B-5335EE37CD69}.Debug|Any CPU.ActiveCfg = Debug|Any CPU
		{6A451E96-11AD-4DA0-BE5B-5335EE37CD69}.Debug|Any CPU.Build.0 = Debug|Any CPU
		{6A451E96-11AD-4DA0-BE5B-5335EE37CD69}.Release|Any CPU.ActiveCfg = Release|Any CPU
		{6A451E96-11AD-4DA0-BE5B-5335EE37CD69}.Release|Any CPU.Build.0 = Release|Any CPU
		{F4AF3429-0153-43B2-887E-AA40D7996154}.Debug|Any CPU.ActiveCfg = Debug|Any CPU
		{F4AF3429-0153-43B2-887E-AA40D7996154}.Debug|Any CPU.Build.0 = Debug|Any CPU
		{F4AF3429-0153-43B2-887E-AA40D7996154}.Release|Any CPU.ActiveCfg = Release|Any CPU
		{F4AF3429-0153-43B2-887E-AA40D7996154}.Release|Any CPU.Build.0 = Release|Any CPU
		{2E79B06A-FDA1-49AD-9E54-51545AF82274}.Debug|Any CPU.ActiveCfg = Debug|Any CPU
		{2E79B06A-FDA1-49AD-9E54-51545AF82274}.Debug|Any CPU.Build.0 = Debug|Any CPU
		{2E79B06A-FDA1-49AD-9E54-51545AF82274}.Release|Any CPU.ActiveCfg = Release|Any CPU
		{2E79B06A-FDA1-49AD-9E54-51545AF82274}.Release|Any CPU.Build.0 = Release|Any CPU
	EndGlobalSection
	GlobalSection(SolutionProperties) = preSolution
		HideSolutionNode = FALSE
	EndGlobalSection
	GlobalSection(ExtensibilityGlobals) = postSolution
		SolutionGuid = {92CCFF9A-EA7D-4375-A4AD-CB588FD8973E}
	EndGlobalSection
EndGlobal
